
Microsoft Visual Studio Solution File, Format Version 12.00
# Visual Studio Version 17
VisualStudioVersion = 17.4.33122.133
MinimumVisualStudioVersion = 10.0.40219.1
Project("{2150E333-8FDC-42A3-9474-1A3956D46DE8}") = "Services", "Services", "{10185955-9D4B-4388-900B-0F187D5138F2}"
EndProject
Project("{2150E333-8FDC-42A3-9474-1A3956D46DE8}") = "ApiGateway", "ApiGateway", "{23376183-8402-4B92-A906-E3C40C131E14}"
EndProject
Project("{2150E333-8FDC-42A3-9474-1A3956D46DE8}") = "Shared", "Shared", "{18E8A684-7E1E-45A4-AF49-6EF9EEC4DABC}"
EndProject
Project("{2150E333-8FDC-42A3-9474-1A3956D46DE8}") = "CatalogService", "CatalogService", "{D198333D-2C6B-4BC6-8E2C-5F2F523E6A28}"
EndProject
Project("{9A19103F-16F7-4668-BE54-9A1E7A4F7556}") = "CatalogService.Business", "Services\CatalogService\CatalogService.Business\CatalogService.Business.csproj", "{5C721A8D-F07E-4D67-9035-425CD06DA2C7}"
EndProject
Project("{9A19103F-16F7-4668-BE54-9A1E7A4F7556}") = "CatalogService.DataAccess", "Services\CatalogService\CatalogService.DataAccess\CatalogService.DataAccess.csproj", "{C5AB354F-5869-447E-9466-406486B56D43}"
EndProject
Project("{9A19103F-16F7-4668-BE54-9A1E7A4F7556}") = "CatalogService.Entities", "Services\CatalogService\CatalogService.Entities\CatalogService.Entities.csproj", "{C4F36C2D-3BEA-47AB-BF45-6223FCBB97A8}"
EndProject
Project("{FAE04EC0-301F-11D3-BF4B-00C04F79EFBC}") = "CorePackage", "Shared\CorePackage\CorePackage.csproj", "{2E5625B7-0D98-4079-93FA-B01A557125C7}"
EndProject
Project("{FAE04EC0-301F-11D3-BF4B-00C04F79EFBC}") = "CatalogService.Api", "Services\CatalogService\CatalogService.Api\CatalogService.Api.csproj", "{CCDAE222-15ED-48E6-B7C2-1E55758DCBC8}"
EndProject
Project("{2150E333-8FDC-42A3-9474-1A3956D46DE8}") = "BasketService", "BasketService", "{B32AE300-D657-45C4-897A-3E1E4B4F703C}"
EndProject
Project("{2150E333-8FDC-42A3-9474-1A3956D46DE8}") = "IdentityService", "IdentityService", "{9F1C2DF7-CD55-4E26-9AE6-C4A896793F68}"
EndProject
Project("{2150E333-8FDC-42A3-9474-1A3956D46DE8}") = "NotificationService", "NotificationService", "{CA0219D7-702F-4B97-A905-8EA401B33943}"
EndProject
Project("{2150E333-8FDC-42A3-9474-1A3956D46DE8}") = "OrderService", "OrderService", "{4C15092F-A660-4991-B3CB-FBBEFDA6B0F8}"
EndProject
Project("{FAE04EC0-301F-11D3-BF4B-00C04F79EFBC}") = "BasketService.Api", "Services\BasketService\BasketService.Api\BasketService.Api.csproj", "{ECCCCA20-74C9-49E5-A678-902CBE0A0A22}"
EndProject
Project("{FAE04EC0-301F-11D3-BF4B-00C04F79EFBC}") = "IdentityService.Api", "Services\IdentityService\IdentityService.Api\IdentityService.Api.csproj", "{9FFBCDA5-46D5-493E-83E4-BB2035C617D3}"
EndProject
Project("{FAE04EC0-301F-11D3-BF4B-00C04F79EFBC}") = "NotificationService.Api", "Services\NotificationService\NotificationService.Api\NotificationService.Api.csproj", "{B913B4C1-E18B-4EDF-9D52-0A233D73BD44}"
EndProject
Project("{FAE04EC0-301F-11D3-BF4B-00C04F79EFBC}") = "OrderService.Api", "Services\OrderService\OrderService.Api\OrderService.Api.csproj", "{C65B40B3-CCD5-42BC-86E6-0408D7E3CAEB}"
EndProject
Project("{FAE04EC0-301F-11D3-BF4B-00C04F79EFBC}") = "ApiGateway.Api", "ApiGateway\ApiGateway\ApiGateway.Api\ApiGateway.Api.csproj", "{0C8E9897-658F-4EAF-93A6-EC22DB703238}"
EndProject
Global
	GlobalSection(SolutionConfigurationPlatforms) = preSolution
		Debug|Any CPU = Debug|Any CPU
		Release|Any CPU = Release|Any CPU
	EndGlobalSection
	GlobalSection(ProjectConfigurationPlatforms) = postSolution
		{5C721A8D-F07E-4D67-9035-425CD06DA2C7}.Debug|Any CPU.ActiveCfg = Debug|Any CPU
		{5C721A8D-F07E-4D67-9035-425CD06DA2C7}.Debug|Any CPU.Build.0 = Debug|Any CPU
		{5C721A8D-F07E-4D67-9035-425CD06DA2C7}.Release|Any CPU.ActiveCfg = Release|Any CPU
		{5C721A8D-F07E-4D67-9035-425CD06DA2C7}.Release|Any CPU.Build.0 = Release|Any CPU
		{C5AB354F-5869-447E-9466-406486B56D43}.Debug|Any CPU.ActiveCfg = Debug|Any CPU
		{C5AB354F-5869-447E-9466-406486B56D43}.Debug|Any CPU.Build.0 = Debug|Any CPU
		{C5AB354F-5869-447E-9466-406486B56D43}.Release|Any CPU.ActiveCfg = Release|Any CPU
		{C5AB354F-5869-447E-9466-406486B56D43}.Release|Any CPU.Build.0 = Release|Any CPU
		{C4F36C2D-3BEA-47AB-BF45-6223FCBB97A8}.Debug|Any CPU.ActiveCfg = Debug|Any CPU
		{C4F36C2D-3BEA-47AB-BF45-6223FCBB97A8}.Debug|Any CPU.Build.0 = Debug|Any CPU
		{C4F36C2D-3BEA-47AB-BF45-6223FCBB97A8}.Release|Any CPU.ActiveCfg = Release|Any CPU
		{C4F36C2D-3BEA-47AB-BF45-6223FCBB97A8}.Release|Any CPU.Build.0 = Release|Any CPU
		{2E5625B7-0D98-4079-93FA-B01A557125C7}.Debug|Any CPU.ActiveCfg = Debug|Any CPU
		{2E5625B7-0D98-4079-93FA-B01A557125C7}.Debug|Any CPU.Build.0 = Debug|Any CPU
		{2E5625B7-0D98-4079-93FA-B01A557125C7}.Release|Any CPU.ActiveCfg = Release|Any CPU
		{2E5625B7-0D98-4079-93FA-B01A557125C7}.Release|Any CPU.Build.0 = Release|Any CPU
		{CCDAE222-15ED-48E6-B7C2-1E55758DCBC8}.Debug|Any CPU.ActiveCfg = Debug|Any CPU
		{CCDAE222-15ED-48E6-B7C2-1E55758DCBC8}.Debug|Any CPU.Build.0 = Debug|Any CPU
		{CCDAE222-15ED-48E6-B7C2-1E55758DCBC8}.Release|Any CPU.ActiveCfg = Release|Any CPU
		{CCDAE222-15ED-48E6-B7C2-1E55758DCBC8}.Release|Any CPU.Build.0 = Release|Any CPU
		{ECCCCA20-74C9-49E5-A678-902CBE0A0A22}.Debug|Any CPU.ActiveCfg = Debug|Any CPU
		{ECCCCA20-74C9-49E5-A678-902CBE0A0A22}.Debug|Any CPU.Build.0 = Debug|Any CPU
		{ECCCCA20-74C9-49E5-A678-902CBE0A0A22}.Release|Any CPU.ActiveCfg = Release|Any CPU
		{ECCCCA20-74C9-49E5-A678-902CBE0A0A22}.Release|Any CPU.Build.0 = Release|Any CPU
		{9FFBCDA5-46D5-493E-83E4-BB2035C617D3}.Debug|Any CPU.ActiveCfg = Debug|Any CPU
		{9FFBCDA5-46D5-493E-83E4-BB2035C617D3}.Debug|Any CPU.Build.0 = Debug|Any CPU
		{9FFBCDA5-46D5-493E-83E4-BB2035C617D3}.Release|Any CPU.ActiveCfg = Release|Any CPU
		{9FFBCDA5-46D5-493E-83E4-BB2035C617D3}.Release|Any CPU.Build.0 = Release|Any CPU
		{B913B4C1-E18B-4EDF-9D52-0A233D73BD44}.Debug|Any CPU.ActiveCfg = Debug|Any CPU
		{B913B4C1-E18B-4EDF-9D52-0A233D73BD44}.Debug|Any CPU.Build.0 = Debug|Any CPU
		{B913B4C1-E18B-4EDF-9D52-0A233D73BD44}.Release|Any CPU.ActiveCfg = Release|Any CPU
		{B913B4C1-E18B-4EDF-9D52-0A233D73BD44}.Release|Any CPU.Build.0 = Release|Any CPU
		{C65B40B3-CCD5-42BC-86E6-0408D7E3CAEB}.Debug|Any CPU.ActiveCfg = Debug|Any CPU
		{C65B40B3-CCD5-42BC-86E6-0408D7E3CAEB}.Debug|Any CPU.Build.0 = Debug|Any CPU
		{C65B40B3-CCD5-42BC-86E6-0408D7E3CAEB}.Release|Any CPU.ActiveCfg = Release|Any CPU
		{C65B40B3-CCD5-42BC-86E6-0408D7E3CAEB}.Release|Any CPU.Build.0 = Release|Any CPU
		{0C8E9897-658F-4EAF-93A6-EC22DB703238}.Debug|Any CPU.ActiveCfg = Debug|Any CPU
		{0C8E9897-658F-4EAF-93A6-EC22DB703238}.Debug|Any CPU.Build.0 = Debug|Any CPU
		{0C8E9897-658F-4EAF-93A6-EC22DB703238}.Release|Any CPU.ActiveCfg = Release|Any CPU
		{0C8E9897-658F-4EAF-93A6-EC22DB703238}.Release|Any CPU.Build.0 = Release|Any CPU
	EndGlobalSection
	GlobalSection(SolutionProperties) = preSolution
		HideSolutionNode = FALSE
	EndGlobalSection
	GlobalSection(NestedProjects) = preSolution
		{D198333D-2C6B-4BC6-8E2C-5F2F523E6A28} = {10185955-9D4B-4388-900B-0F187D5138F2}
		{5C721A8D-F07E-4D67-9035-425CD06DA2C7} = {D198333D-2C6B-4BC6-8E2C-5F2F523E6A28}
		{C5AB354F-5869-447E-9466-406486B56D43} = {D198333D-2C6B-4BC6-8E2C-5F2F523E6A28}
		{C4F36C2D-3BEA-47AB-BF45-6223FCBB97A8} = {D198333D-2C6B-4BC6-8E2C-5F2F523E6A28}
		{2E5625B7-0D98-4079-93FA-B01A557125C7} = {18E8A684-7E1E-45A4-AF49-6EF9EEC4DABC}
		{CCDAE222-15ED-48E6-B7C2-1E55758DCBC8} = {D198333D-2C6B-4BC6-8E2C-5F2F523E6A28}
		{B32AE300-D657-45C4-897A-3E1E4B4F703C} = {10185955-9D4B-4388-900B-0F187D5138F2}
		{9F1C2DF7-CD55-4E26-9AE6-C4A896793F68} = {10185955-9D4B-4388-900B-0F187D5138F2}
		{CA0219D7-702F-4B97-A905-8EA401B33943} = {10185955-9D4B-4388-900B-0F187D5138F2}
		{4C15092F-A660-4991-B3CB-FBBEFDA6B0F8} = {10185955-9D4B-4388-900B-0F187D5138F2}
		{ECCCCA20-74C9-49E5-A678-902CBE0A0A22} = {B32AE300-D657-45C4-897A-3E1E4B4F703C}
		{9FFBCDA5-46D5-493E-83E4-BB2035C617D3} = {9F1C2DF7-CD55-4E26-9AE6-C4A896793F68}
		{B913B4C1-E18B-4EDF-9D52-0A233D73BD44} = {CA0219D7-702F-4B97-A905-8EA401B33943}
		{C65B40B3-CCD5-42BC-86E6-0408D7E3CAEB} = {4C15092F-A660-4991-B3CB-FBBEFDA6B0F8}
		{0C8E9897-658F-4EAF-93A6-EC22DB703238} = {23376183-8402-4B92-A906-E3C40C131E14}
	EndGlobalSection
	GlobalSection(ExtensibilityGlobals) = postSolution
		SolutionGuid = {318A773F-BCC2-415B-A7E9-8946BB417492}
	EndGlobalSection
EndGlobal
